
Microsoft Visual Studio Solution File, Format Version 12.00
# Visual Studio Version 16
VisualStudioVersion = 16.0.30907.101
MinimumVisualStudioVersion = 15.0.26124.0
Project("{2150E333-8FDC-42A3-9474-1A3956D46DE8}") = "src", "src", "{58777AA4-88E1-48F0-B63A-71DC6B0472E8}"
EndProject
Project("{2150E333-8FDC-42A3-9474-1A3956D46DE8}") = "Catalog", "Catalog", "{1AC0B80E-4E2A-4E80-B6BB-9DD4661363C8}"
EndProject
Project("{9A19103F-16F7-4668-BE54-9A1E7A4F7556}") = "Catalog.Domain", "src\Catalog\Catalog.Domain\Catalog.Domain.csproj", "{3E4FB33C-DBC6-48C5-8D75-832093235095}"
EndProject
Project("{9A19103F-16F7-4668-BE54-9A1E7A4F7556}") = "Catalog.WebApi", "src\Catalog\Catalog.WebApi\Catalog.WebApi.csproj", "{D6A4C50F-7EC8-46CF-B75E-E5BDE2D5628C}"
EndProject
Project("{9A19103F-16F7-4668-BE54-9A1E7A4F7556}") = "Catalog.Infrastructure", "src\Catalog\Catalog.Infrastructure\Catalog.Infrastructure.csproj", "{A4ACCE32-123E-40DD-83CD-52ED315B74E4}"
EndProject
Project("{9A19103F-16F7-4668-BE54-9A1E7A4F7556}") = "Catalog.Application", "src\Catalog\Catalog.Application\Catalog.Application.csproj", "{ABDD1C40-D7F9-4BA4-8895-513BF834C24E}"
EndProject
Project("{E53339B2-1760-4266-BCC7-CA923CBCF16C}") = "docker-compose", "docker-compose.dcproj", "{5E5852AA-F1C8-44C7-A8DC-CF55DA07559A}"
EndProject
Global
	GlobalSection(SolutionConfigurationPlatforms) = preSolution
		Debug|Any CPU = Debug|Any CPU
		Debug|x64 = Debug|x64
		Debug|x86 = Debug|x86
		Release|Any CPU = Release|Any CPU
		Release|x64 = Release|x64
		Release|x86 = Release|x86
	EndGlobalSection
	GlobalSection(ProjectConfigurationPlatforms) = postSolution
		{3E4FB33C-DBC6-48C5-8D75-832093235095}.Debug|Any CPU.ActiveCfg = Debug|Any CPU
		{3E4FB33C-DBC6-48C5-8D75-832093235095}.Debug|Any CPU.Build.0 = Debug|Any CPU
		{3E4FB33C-DBC6-48C5-8D75-832093235095}.Debug|x64.ActiveCfg = Debug|Any CPU
		{3E4FB33C-DBC6-48C5-8D75-832093235095}.Debug|x64.Build.0 = Debug|Any CPU
		{3E4FB33C-DBC6-48C5-8D75-832093235095}.Debug|x86.ActiveCfg = Debug|Any CPU
		{3E4FB33C-DBC6-48C5-8D75-832093235095}.Debug|x86.Build.0 = Debug|Any CPU
		{3E4FB33C-DBC6-48C5-8D75-832093235095}.Release|Any CPU.ActiveCfg = Release|Any CPU
		{3E4FB33C-DBC6-48C5-8D75-832093235095}.Release|Any CPU.Build.0 = Release|Any CPU
		{3E4FB33C-DBC6-48C5-8D75-832093235095}.Release|x64.ActiveCfg = Release|Any CPU
		{3E4FB33C-DBC6-48C5-8D75-832093235095}.Release|x64.Build.0 = Release|Any CPU
		{3E4FB33C-DBC6-48C5-8D75-832093235095}.Release|x86.ActiveCfg = Release|Any CPU
		{3E4FB33C-DBC6-48C5-8D75-832093235095}.Release|x86.Build.0 = Release|Any CPU
		{D6A4C50F-7EC8-46CF-B75E-E5BDE2D5628C}.Debug|Any CPU.ActiveCfg = Debug|Any CPU
		{D6A4C50F-7EC8-46CF-B75E-E5BDE2D5628C}.Debug|Any CPU.Build.0 = Debug|Any CPU
		{D6A4C50F-7EC8-46CF-B75E-E5BDE2D5628C}.Debug|x64.ActiveCfg = Debug|Any CPU
		{D6A4C50F-7EC8-46CF-B75E-E5BDE2D5628C}.Debug|x64.Build.0 = Debug|Any CPU
		{D6A4C50F-7EC8-46CF-B75E-E5BDE2D5628C}.Debug|x86.ActiveCfg = Debug|Any CPU
		{D6A4C50F-7EC8-46CF-B75E-E5BDE2D5628C}.Debug|x86.Build.0 = Debug|Any CPU
		{D6A4C50F-7EC8-46CF-B75E-E5BDE2D5628C}.Release|Any CPU.ActiveCfg = Release|Any CPU
		{D6A4C50F-7EC8-46CF-B75E-E5BDE2D5628C}.Release|Any CPU.Build.0 = Release|Any CPU
		{D6A4C50F-7EC8-46CF-B75E-E5BDE2D5628C}.Release|x64.ActiveCfg = Release|Any CPU
		{D6A4C50F-7EC8-46CF-B75E-E5BDE2D5628C}.Release|x64.Build.0 = Release|Any CPU
		{D6A4C50F-7EC8-46CF-B75E-E5BDE2D5628C}.Release|x86.ActiveCfg = Release|Any CPU
		{D6A4C50F-7EC8-46CF-B75E-E5BDE2D5628C}.Release|x86.Build.0 = Release|Any CPU
		{A4ACCE32-123E-40DD-83CD-52ED315B74E4}.Debug|Any CPU.ActiveCfg = Debug|Any CPU
		{A4ACCE32-123E-40DD-83CD-52ED315B74E4}.Debug|Any CPU.Build.0 = Debug|Any CPU
		{A4ACCE32-123E-40DD-83CD-52ED315B74E4}.Debug|x64.ActiveCfg = Debug|Any CPU
		{A4ACCE32-123E-40DD-83CD-52ED315B74E4}.Debug|x64.Build.0 = Debug|Any CPU
		{A4ACCE32-123E-40DD-83CD-52ED315B74E4}.Debug|x86.ActiveCfg = Debug|Any CPU
		{A4ACCE32-123E-40DD-83CD-52ED315B74E4}.Debug|x86.Build.0 = Debug|Any CPU
		{A4ACCE32-123E-40DD-83CD-52ED315B74E4}.Release|Any CPU.ActiveCfg = Release|Any CPU
		{A4ACCE32-123E-40DD-83CD-52ED315B74E4}.Release|Any CPU.Build.0 = Release|Any CPU
		{A4ACCE32-123E-40DD-83CD-52ED315B74E4}.Release|x64.ActiveCfg = Release|Any CPU
		{A4ACCE32-123E-40DD-83CD-52ED315B74E4}.Release|x64.Build.0 = Release|Any CPU
		{A4ACCE32-123E-40DD-83CD-52ED315B74E4}.Release|x86.ActiveCfg = Release|Any CPU
		{A4ACCE32-123E-40DD-83CD-52ED315B74E4}.Release|x86.Build.0 = Release|Any CPU
		{ABDD1C40-D7F9-4BA4-8895-513BF834C24E}.Debug|Any CPU.ActiveCfg = Debug|Any CPU
		{ABDD1C40-D7F9-4BA4-8895-513BF834C24E}.Debug|Any CPU.Build.0 = Debug|Any CPU
		{ABDD1C40-D7F9-4BA4-8895-513BF834C24E}.Debug|x64.ActiveCfg = Debug|Any CPU
		{ABDD1C40-D7F9-4BA4-8895-513BF834C24E}.Debug|x64.Build.0 = Debug|Any CPU
		{ABDD1C40-D7F9-4BA4-8895-513BF834C24E}.Debug|x86.ActiveCfg = Debug|Any CPU
		{ABDD1C40-D7F9-4BA4-8895-513BF834C24E}.Debug|x86.Build.0 = Debug|Any CPU
		{ABDD1C40-D7F9-4BA4-8895-513BF834C24E}.Release|Any CPU.ActiveCfg = Release|Any CPU
		{ABDD1C40-D7F9-4BA4-8895-513BF834C24E}.Release|Any CPU.Build.0 = Release|Any CPU
		{ABDD1C40-D7F9-4BA4-8895-513BF834C24E}.Release|x64.ActiveCfg = Release|Any CPU
		{ABDD1C40-D7F9-4BA4-8895-513BF834C24E}.Release|x64.Build.0 = Release|Any CPU
		{ABDD1C40-D7F9-4BA4-8895-513BF834C24E}.Release|x86.ActiveCfg = Release|Any CPU
		{ABDD1C40-D7F9-4BA4-8895-513BF834C24E}.Release|x86.Build.0 = Release|Any CPU
		{5E5852AA-F1C8-44C7-A8DC-CF55DA07559A}.Debug|Any CPU.ActiveCfg = Debug|Any CPU
		{5E5852AA-F1C8-44C7-A8DC-CF55DA07559A}.Debug|Any CPU.Build.0 = Debug|Any CPU
		{5E5852AA-F1C8-44C7-A8DC-CF55DA07559A}.Debug|x64.ActiveCfg = Debug|Any CPU
		{5E5852AA-F1C8-44C7-A8DC-CF55DA07559A}.Debug|x64.Build.0 = Debug|Any CPU
		{5E5852AA-F1C8-44C7-A8DC-CF55DA07559A}.Debug|x86.ActiveCfg = Debug|Any CPU
		{5E5852AA-F1C8-44C7-A8DC-CF55DA07559A}.Debug|x86.Build.0 = Debug|Any CPU
		{5E5852AA-F1C8-44C7-A8DC-CF55DA07559A}.Release|Any CPU.ActiveCfg = Release|Any CPU
		{5E5852AA-F1C8-44C7-A8DC-CF55DA07559A}.Release|Any CPU.Build.0 = Release|Any CPU
		{5E5852AA-F1C8-44C7-A8DC-CF55DA07559A}.Release|x64.ActiveCfg = Release|Any CPU
		{5E5852AA-F1C8-44C7-A8DC-CF55DA07559A}.Release|x64.Build.0 = Release|Any CPU
		{5E5852AA-F1C8-44C7-A8DC-CF55DA07559A}.Release|x86.ActiveCfg = Release|Any CPU
		{5E5852AA-F1C8-44C7-A8DC-CF55DA07559A}.Release|x86.Build.0 = Release|Any CPU
	EndGlobalSection
	GlobalSection(SolutionProperties) = preSolution
		HideSolutionNode = FALSE
	EndGlobalSection
	GlobalSection(NestedProjects) = preSolution
		{1AC0B80E-4E2A-4E80-B6BB-9DD4661363C8} = {58777AA4-88E1-48F0-B63A-71DC6B0472E8}
		{3E4FB33C-DBC6-48C5-8D75-832093235095} = {1AC0B80E-4E2A-4E80-B6BB-9DD4661363C8}
		{D6A4C50F-7EC8-46CF-B75E-E5BDE2D5628C} = {1AC0B80E-4E2A-4E80-B6BB-9DD4661363C8}
		{A4ACCE32-123E-40DD-83CD-52ED315B74E4} = {1AC0B80E-4E2A-4E80-B6BB-9DD4661363C8}
		{ABDD1C40-D7F9-4BA4-8895-513BF834C24E} = {1AC0B80E-4E2A-4E80-B6BB-9DD4661363C8}
	EndGlobalSection
	GlobalSection(ExtensibilityGlobals) = postSolution
		SolutionGuid = {EAEC3CDD-9008-49F6-957E-3EE470FAB14C}
	EndGlobalSection
EndGlobal
